{"1.1.0",
[{<<"bear">>,
  {git,"git://github.com/boundary/bear.git",
       {ref,"119234548783af19b8ec75c879c5062676b92571"}},
  3},
 {<<"coveralls">>,
  {git,"git://github.com/markusn/coveralls-erl.git",
       {ref,"5f45f5a003244931acd5eabfa3db45a641188e2a"}},
  4},
 {<<"eradius">>,
  {git,"https://github.com/travelping/eradius.git",
       {ref,"92ef659c215be7655d1761306fb9413855ceb9c8"}},
  3},
 {<<"erlando">>,
  {git,"https://github.com/travelping/erlando.git",
       {ref,"8d1aa927c51b7ac351b90abcdaed7d2f527eb937"}},
  1},
 {<<"exometer_core">>,
  {git,"https://github.com/Feuerlabs/exometer_core.git",
       {ref,"09c2a9361c0295c977e441ef89382db964a64460"}},
  1},
 {<<"folsom">>,
  {git,"git://github.com/folsom-project/folsom",
       {ref,"38e2cce7c64ce1f0a3a918d90394cfc0a940b1ba"}},
  2},
 {<<"gen_socket">>,
  {git,"git://github.com/travelping/gen_socket",
       {ref,"195a42700ba15b7ddc26a49865abcdaa627eba33"}},
  0},
 {<<"goldrush">>,{pkg,<<"goldrush">>,<<"0.1.9">>},2},
 {<<"gtp_u_edp">>,
  {git,"git://github.com/travelping/gtp_u_edp",
       {ref,"747127ff5a85347c95970f9fa77cfda5ac0aac16"}},
  0},
 {<<"gtplib">>,
  {git,"https://github.com/travelping/gtplib.git",
       {ref,"ebfec13c21c44e54e15ea6656f8cf6c275083c5f"}},
  1},
 {<<"hut">>,
  {git,"git://github.com/tolbrino/hut.git",
       {ref,"025540398478ab6f95932c3234382ac5bb21ad3e"}},
  2},
 {<<"lager">>,{pkg,<<"lager">>,<<"3.4.2">>},1},
 {<<"meck">>,
  {git,"https://github.com/eproxus/meck.git",
       {ref,"f32efa5d12d602215729f4961ad1dadb6ebadcca"}},
  1},
 {<<"parse_trans">>,
  {git,"git://github.com/uwiger/parse_trans.git",
       {ref,"6f3645afb43c7c57d61b54ef59aecab288ce1013"}},
  2},
 {<<"pmod_transform">>,
  {git,"git://github.com/erlang/pmod_transform.git",
       {ref,"8d5ab70f087cfbb634d789f7489f09c6d39c5c8b"}},
  2},
 {<<"ppp">>,
  {git,"git://github.com/travelping/ppp",
       {ref,"c1e03ee93ef333b5eb8aadd14b1290cfc1001089"}},
  2},
 {<<"regine">>,
  {git,"https://github.com/travelping/regine.git",
       {ref,"4c63d24ff798c785beb30d1447ace27611761dce"}},
  3},
 {<<"setup">>,
  {git,"git://github.com/uwiger/setup.git",
       {ref,"e4a089f743505f1166e026c51989f041da7b2f6d"}},
  2}]}.
[
{pkg_hash,[
 {<<"goldrush">>, <<"F06E5D5F1277DA5C413E84D5A2924174182FB108DABB39D5EC548B27424CD106">>},
 {<<"lager">>, <<"150B9A17B23AE6D3265CC10DC360747621CF217B7A22B8CDDF03B2909DBF7AA5">>}]}
].
